// !$*UTF8*$!
{
	archiveVersion = 1;
	classes = {
	};
	objectVersion = 50;
	objects = {

/* Begin PBXBuildFile section */
		E301AEF025217EE1006A9742 /* Field.swift in Sources */ = {isa = PBXBuildFile; fileRef = E301AEEF25217EE1006A9742 /* Field.swift */; };
		E306FAA725218D750012337D /* String+CountInstances.swift in Sources */ = {isa = PBXBuildFile; fileRef = E306FAA625218D750012337D /* String+CountInstances.swift */; };
		E306FAAC25218DF60012337D /* UIView+FirstResponder.swift in Sources */ = {isa = PBXBuildFile; fileRef = E306FAAB25218DF60012337D /* UIView+FirstResponder.swift */; };
		E3359E0825300CC80039F537 /* CreateFlashcard.storyboard in Resources */ = {isa = PBXBuildFile; fileRef = E3359E0725300CC80039F537 /* CreateFlashcard.storyboard */; };
		E3359E3B25301A4D0039F537 /* LaunchScreen.storyboard in Resources */ = {isa = PBXBuildFile; fileRef = E3359E3A25301A4D0039F537 /* LaunchScreen.storyboard */; };
		E33CA71D254B161E00A28175 /* FieldStackView.swift in Sources */ = {isa = PBXBuildFile; fileRef = E33CA71C254B161D00A28175 /* FieldStackView.swift */; };
		E33CA71E254B161E00A28175 /* FieldStackView.swift in Sources */ = {isa = PBXBuildFile; fileRef = E33CA71C254B161D00A28175 /* FieldStackView.swift */; };
		E33CA724254B1D8D00A28175 /* BorderedTextField.swift in Sources */ = {isa = PBXBuildFile; fileRef = E33CA723254B1D8D00A28175 /* BorderedTextField.swift */; };
		E33CA725254B1D8D00A28175 /* BorderedTextField.swift in Sources */ = {isa = PBXBuildFile; fileRef = E33CA723254B1D8D00A28175 /* BorderedTextField.swift */; };
		E343E6B6254DF9D200765215 /* NoteView.swift in Sources */ = {isa = PBXBuildFile; fileRef = E343E6B5254DF9D200765215 /* NoteView.swift */; };
		E343E6B9254E033500765215 /* NoteView.swift in Sources */ = {isa = PBXBuildFile; fileRef = E343E6B5254DF9D200765215 /* NoteView.swift */; };
		E343E6D3254E2DAD00765215 /* String+CleanedOfNewLines.swift in Sources */ = {isa = PBXBuildFile; fileRef = E343E6D2254E2DAD00765215 /* String+CleanedOfNewLines.swift */; };
		E343E6D4254E2DAD00765215 /* String+CleanedOfNewLines.swift in Sources */ = {isa = PBXBuildFile; fileRef = E343E6D2254E2DAD00765215 /* String+CleanedOfNewLines.swift */; };
		E357B364251D2FB500354BCA /* FlashcardViewController.swift in Sources */ = {isa = PBXBuildFile; fileRef = E357B35E251D2FB500354BCA /* FlashcardViewController.swift */; };
		E357B365251D2FB500354BCA /* ClozeViewController.swift in Sources */ = {isa = PBXBuildFile; fileRef = E357B35F251D2FB500354BCA /* ClozeViewController.swift */; };
		E357B36C251D305B00354BCA /* UIViewController+HideKeyboardWheNTappedAround.swift in Sources */ = {isa = PBXBuildFile; fileRef = E357B36B251D305B00354BCA /* UIViewController+HideKeyboardWheNTappedAround.swift */; };
		E359182225106E3D002F1A35 /* AppDelegate.swift in Sources */ = {isa = PBXBuildFile; fileRef = E359182125106E3D002F1A35 /* AppDelegate.swift */; };
		E359182425106E3D002F1A35 /* SceneDelegate.swift in Sources */ = {isa = PBXBuildFile; fileRef = E359182325106E3D002F1A35 /* SceneDelegate.swift */; };
		E359182925106E3D002F1A35 /* Main.storyboard in Resources */ = {isa = PBXBuildFile; fileRef = E359182725106E3D002F1A35 /* Main.storyboard */; };
		E359182D25106E3D002F1A35 /* Assets.xcassets in Resources */ = {isa = PBXBuildFile; fileRef = E359182C25106E3D002F1A35 /* Assets.xcassets */; };
		E35CE634254F23B0001E4CEE /* StarButton.swift in Sources */ = {isa = PBXBuildFile; fileRef = E35CE633254F23B0001E4CEE /* StarButton.swift */; };
		E35CE635254F23B0001E4CEE /* StarButton.swift in Sources */ = {isa = PBXBuildFile; fileRef = E35CE633254F23B0001E4CEE /* StarButton.swift */; };
		E369F92A2515B71100A51A0D /* Note.swift in Sources */ = {isa = PBXBuildFile; fileRef = E369F9222515B71000A51A0D /* Note.swift */; };
		E369F92E2515B71100A51A0D /* Profile.swift in Sources */ = {isa = PBXBuildFile; fileRef = E369F9242515B71000A51A0D /* Profile.swift */; };
		E369F9302515B71100A51A0D /* Deck.swift in Sources */ = {isa = PBXBuildFile; fileRef = E369F9252515B71000A51A0D /* Deck.swift */; };
		E369F9322515B71100A51A0D /* FlashcardSettings.swift in Sources */ = {isa = PBXBuildFile; fileRef = E369F9262515B71000A51A0D /* FlashcardSettings.swift */; };
		E369F9342515B71100A51A0D /* EditTextView.swift in Sources */ = {isa = PBXBuildFile; fileRef = E369F9272515B71000A51A0D /* EditTextView.swift */; };
		E369F9362515B71100A51A0D /* BigButton.swift in Sources */ = {isa = PBXBuildFile; fileRef = E369F9282515B71100A51A0D /* BigButton.swift */; };
		E369F9382515B71100A51A0D /* Flashcard.swift in Sources */ = {isa = PBXBuildFile; fileRef = E369F9292515B71100A51A0D /* Flashcard.swift */; };
		E39647B22537FC3700F803F4 /* Media.xcassets in Resources */ = {isa = PBXBuildFile; fileRef = E39647B12537FC3700F803F4 /* Media.xcassets */; };
		E39647BB2537FC3700F803F4 /* Action Extension.appex in Embed App Extensions */ = {isa = PBXBuildFile; fileRef = E39647AF2537FC3700F803F4 /* Action Extension.appex */; settings = {ATTRIBUTES = (RemoveHeadersOnCopy, ); }; };
		E39647C22537FC5A00F803F4 /* UIViewController+HideKeyboardWheNTappedAround.swift in Sources */ = {isa = PBXBuildFile; fileRef = E357B36B251D305B00354BCA /* UIViewController+HideKeyboardWheNTappedAround.swift */; };
		E39647C62537FC6400F803F4 /* Assets.xcassets in Resources */ = {isa = PBXBuildFile; fileRef = E359182C25106E3D002F1A35 /* Assets.xcassets */; };
		E39647CA2537FC6B00F803F4 /* CreateFlashcard.storyboard in Resources */ = {isa = PBXBuildFile; fileRef = E3359E0725300CC80039F537 /* CreateFlashcard.storyboard */; };
		E39647D52537FC8C00F803F4 /* FlashcardSettings.swift in Sources */ = {isa = PBXBuildFile; fileRef = E369F9262515B71000A51A0D /* FlashcardSettings.swift */; };
		E39647D92537FC9900F803F4 /* Cloze.swift in Sources */ = {isa = PBXBuildFile; fileRef = E3D011162537C4A8006FB811 /* Cloze.swift */; };
		E39647DA2537FC9900F803F4 /* Deck.swift in Sources */ = {isa = PBXBuildFile; fileRef = E369F9252515B71000A51A0D /* Deck.swift */; };
		E39647DB2537FC9900F803F4 /* Note.swift in Sources */ = {isa = PBXBuildFile; fileRef = E369F9222515B71000A51A0D /* Note.swift */; };
		E39647DC2537FC9900F803F4 /* Profile.swift in Sources */ = {isa = PBXBuildFile; fileRef = E369F9242515B71000A51A0D /* Profile.swift */; };
		E39647DD2537FC9900F803F4 /* Flashcard.swift in Sources */ = {isa = PBXBuildFile; fileRef = E369F9292515B71100A51A0D /* Flashcard.swift */; };
		E39647DE2537FC9900F803F4 /* Field.swift in Sources */ = {isa = PBXBuildFile; fileRef = E301AEEF25217EE1006A9742 /* Field.swift */; };
		E39647E22537FC9E00F803F4 /* String+MatchingStrings.swift in Sources */ = {isa = PBXBuildFile; fileRef = E3D0110F2537B9D7006FB811 /* String+MatchingStrings.swift */; };
		E39647E32537FC9E00F803F4 /* UIView+FirstResponder.swift in Sources */ = {isa = PBXBuildFile; fileRef = E306FAAB25218DF60012337D /* UIView+FirstResponder.swift */; };
		E39647E42537FC9E00F803F4 /* String+CountInstances.swift in Sources */ = {isa = PBXBuildFile; fileRef = E306FAA625218D750012337D /* String+CountInstances.swift */; };
		E39647E82537FCB100F803F4 /* ClozeViewController.swift in Sources */ = {isa = PBXBuildFile; fileRef = E357B35F251D2FB500354BCA /* ClozeViewController.swift */; };
		E39647EE2537FCC300F803F4 /* FlashcardViewController.swift in Sources */ = {isa = PBXBuildFile; fileRef = E357B35E251D2FB500354BCA /* FlashcardViewController.swift */; };
		E39647FE2537FEAF00F803F4 /* EditTextView.swift in Sources */ = {isa = PBXBuildFile; fileRef = E369F9272515B71000A51A0D /* EditTextView.swift */; };
		E39648022537FEEF00F803F4 /* BigButton.swift in Sources */ = {isa = PBXBuildFile; fileRef = E369F9282515B71100A51A0D /* BigButton.swift */; };
		E39C88082544D07700B852BE /* HeaderSupplementaryView.swift in Sources */ = {isa = PBXBuildFile; fileRef = E3ABE99C2544CA0B00148D6F /* HeaderSupplementaryView.swift */; };
		E39C88102545EDB300B852BE /* Array+Moved.swift in Sources */ = {isa = PBXBuildFile; fileRef = E39C880F2545EDB300B852BE /* Array+Moved.swift */; };
		E39C88132546180300B852BE /* Array+Moved.swift in Sources */ = {isa = PBXBuildFile; fileRef = E39C880F2545EDB300B852BE /* Array+Moved.swift */; };
		E39C881725461B9200B852BE /* Option.swift in Sources */ = {isa = PBXBuildFile; fileRef = E39C881625461B9200B852BE /* Option.swift */; };
		E39C881A2546350400B852BE /* Option.swift in Sources */ = {isa = PBXBuildFile; fileRef = E39C881625461B9200B852BE /* Option.swift */; };
		E39C882425475D6800B852BE /* OptionViewController.swift in Sources */ = {isa = PBXBuildFile; fileRef = E39C882325475D6800B852BE /* OptionViewController.swift */; };
		E39C882525475D6800B852BE /* OptionViewController.swift in Sources */ = {isa = PBXBuildFile; fileRef = E39C882325475D6800B852BE /* OptionViewController.swift */; };
		E39C882D2547B3EA00B852BE /* ProfileViewModel.swift in Sources */ = {isa = PBXBuildFile; fileRef = E39C882C2547B3EA00B852BE /* ProfileViewModel.swift */; };
		E39C882E2547B3EA00B852BE /* ProfileViewModel.swift in Sources */ = {isa = PBXBuildFile; fileRef = E39C882C2547B3EA00B852BE /* ProfileViewModel.swift */; };
		E39C88382548AAF600B852BE /* AttributedDeck.swift in Sources */ = {isa = PBXBuildFile; fileRef = E39C88372548AAF600B852BE /* AttributedDeck.swift */; };
		E39C88392548AAF600B852BE /* AttributedDeck.swift in Sources */ = {isa = PBXBuildFile; fileRef = E39C88372548AAF600B852BE /* AttributedDeck.swift */; };
		E39C883D2548AB0A00B852BE /* AttributedProfile.swift in Sources */ = {isa = PBXBuildFile; fileRef = E39C883C2548AB0A00B852BE /* AttributedProfile.swift */; };
		E39C883E2548AB0A00B852BE /* AttributedProfile.swift in Sources */ = {isa = PBXBuildFile; fileRef = E39C883C2548AB0A00B852BE /* AttributedProfile.swift */; };
		E39C88452548AC3600B852BE /* AttributedOption.swift in Sources */ = {isa = PBXBuildFile; fileRef = E39C88442548AC3600B852BE /* AttributedOption.swift */; };
		E39C88462548AC3600B852BE /* AttributedOption.swift in Sources */ = {isa = PBXBuildFile; fileRef = E39C88442548AC3600B852BE /* AttributedOption.swift */; };
		E39C884C2548AC4F00B852BE /* OptionViewModel.swift in Sources */ = {isa = PBXBuildFile; fileRef = E39C884B2548AC4F00B852BE /* OptionViewModel.swift */; };
		E39C884D2548AC4F00B852BE /* OptionViewModel.swift in Sources */ = {isa = PBXBuildFile; fileRef = E39C884B2548AC4F00B852BE /* OptionViewModel.swift */; };
		E39C88512548AC7900B852BE /* OptionViewModelDelegate.swift in Sources */ = {isa = PBXBuildFile; fileRef = E39C88502548AC7900B852BE /* OptionViewModelDelegate.swift */; };
		E39C88522548AC7900B852BE /* OptionViewModelDelegate.swift in Sources */ = {isa = PBXBuildFile; fileRef = E39C88502548AC7900B852BE /* OptionViewModelDelegate.swift */; };
		E39C88592548B34300B852BE /* NoteViewModel.swift in Sources */ = {isa = PBXBuildFile; fileRef = E39C88582548B34300B852BE /* NoteViewModel.swift */; };
		E39C885A2548B34300B852BE /* NoteViewModel.swift in Sources */ = {isa = PBXBuildFile; fileRef = E39C88582548B34300B852BE /* NoteViewModel.swift */; };
		E39C885E2548B37500B852BE /* AttributedNote.swift in Sources */ = {isa = PBXBuildFile; fileRef = E39C885D2548B37500B852BE /* AttributedNote.swift */; };
		E39C885F2548B37500B852BE /* AttributedNote.swift in Sources */ = {isa = PBXBuildFile; fileRef = E39C885D2548B37500B852BE /* AttributedNote.swift */; };
		E39C88632548C76400B852BE /* Section.swift in Sources */ = {isa = PBXBuildFile; fileRef = E39C88622548C76400B852BE /* Section.swift */; };
		E39C88642548C76400B852BE /* Section.swift in Sources */ = {isa = PBXBuildFile; fileRef = E39C88622548C76400B852BE /* Section.swift */; };
		E3ABE99D2544CA0B00148D6F /* HeaderSupplementaryView.swift in Sources */ = {isa = PBXBuildFile; fileRef = E3ABE99C2544CA0B00148D6F /* HeaderSupplementaryView.swift */; };
		E3B7B56E253912D800E38EC4 /* Logger.swift in Sources */ = {isa = PBXBuildFile; fileRef = E3B7B56D253912D800E38EC4 /* Logger.swift */; };
		E3B7B56F253912D800E38EC4 /* Logger.swift in Sources */ = {isa = PBXBuildFile; fileRef = E3B7B56D253912D800E38EC4 /* Logger.swift */; };
		E3D011102537B9D7006FB811 /* String+MatchingStrings.swift in Sources */ = {isa = PBXBuildFile; fileRef = E3D0110F2537B9D7006FB811 /* String+MatchingStrings.swift */; };
		E3D011182537C4A8006FB811 /* Cloze.swift in Sources */ = {isa = PBXBuildFile; fileRef = E3D011162537C4A8006FB811 /* Cloze.swift */; };
		E3F376F42548FDCF00A05F40 /* NoteViewController.swift in Sources */ = {isa = PBXBuildFile; fileRef = E3F376F32548FDCF00A05F40 /* NoteViewController.swift */; };
		E3F376F72548FDD200A05F40 /* NoteViewController.swift in Sources */ = {isa = PBXBuildFile; fileRef = E3F376F32548FDCF00A05F40 /* NoteViewController.swift */; };
		E3F8D99A253BF1A1003E7CC7 /* OptionViewControllerDelegate.swift in Sources */ = {isa = PBXBuildFile; fileRef = E3F8D999253BF1A1003E7CC7 /* OptionViewControllerDelegate.swift */; };
		E3F8D99B253BF1A1003E7CC7 /* OptionViewControllerDelegate.swift in Sources */ = {isa = PBXBuildFile; fileRef = E3F8D999253BF1A1003E7CC7 /* OptionViewControllerDelegate.swift */; };
		E3F8D9A1253BF209003E7CC7 /* DeckViewModel.swift in Sources */ = {isa = PBXBuildFile; fileRef = E3F8D9A0253BF209003E7CC7 /* DeckViewModel.swift */; };
		E3F8D9A2253BF209003E7CC7 /* DeckViewModel.swift in Sources */ = {isa = PBXBuildFile; fileRef = E3F8D9A0253BF209003E7CC7 /* DeckViewModel.swift */; };
		E3F8D9AB253BF7AD003E7CC7 /* UIViewController+showInputDialog.swift in Sources */ = {isa = PBXBuildFile; fileRef = E3F8D9AA253BF7AD003E7CC7 /* UIViewController+showInputDialog.swift */; };
		E3F8D9AC253BF7AD003E7CC7 /* UIViewController+showInputDialog.swift in Sources */ = {isa = PBXBuildFile; fileRef = E3F8D9AA253BF7AD003E7CC7 /* UIViewController+showInputDialog.swift */; };
		E3F8D9B0253C0074003E7CC7 /* UIColor+DarkerLighterExtensions.swift in Sources */ = {isa = PBXBuildFile; fileRef = E3F8D9AF253C0074003E7CC7 /* UIColor+DarkerLighterExtensions.swift */; };
		E3F8D9B1253C0074003E7CC7 /* UIColor+DarkerLighterExtensions.swift in Sources */ = {isa = PBXBuildFile; fileRef = E3F8D9AF253C0074003E7CC7 /* UIColor+DarkerLighterExtensions.swift */; };
		E3F8D9CC253F6571003E7CC7 /* ClozeViewModel.swift in Sources */ = {isa = PBXBuildFile; fileRef = E3F8D9CB253F6571003E7CC7 /* ClozeViewModel.swift */; };
		E3F8D9CD253F6571003E7CC7 /* ClozeViewModel.swift in Sources */ = {isa = PBXBuildFile; fileRef = E3F8D9CB253F6571003E7CC7 /* ClozeViewModel.swift */; };
/* End PBXBuildFile section */

/* Begin PBXContainerItemProxy section */
		E39647B92537FC3700F803F4 /* PBXContainerItemProxy */ = {
			isa = PBXContainerItemProxy;
			containerPortal = E359181625106E3D002F1A35 /* Project object */;
			proxyType = 1;
			remoteGlobalIDString = E39647AE2537FC3700F803F4;
			remoteInfo = "Action Extension";
		};
/* End PBXContainerItemProxy section */

/* Begin PBXCopyFilesBuildPhase section */
		E359184925106F18002F1A35 /* Embed App Extensions */ = {
			isa = PBXCopyFilesBuildPhase;
			buildActionMask = 2147483647;
			dstPath = "";
			dstSubfolderSpec = 13;
			files = (
				E39647BB2537FC3700F803F4 /* Action Extension.appex in Embed App Extensions */,
			);
			name = "Embed App Extensions";
			runOnlyForDeploymentPostprocessing = 0;
		};
/* End PBXCopyFilesBuildPhase section */

/* Begin PBXFileReference section */
		E301AEE625217DA7006A9742 /* FlashcardAdder.playground */ = {isa = PBXFileReference; lastKnownFileType = file.playground; path = FlashcardAdder.playground; sourceTree = "<group>"; xcLanguageSpecificationIdentifier = xcode.lang.swift; };
		E301AEEF25217EE1006A9742 /* Field.swift */ = {isa = PBXFileReference; fileEncoding = 4; lastKnownFileType = sourcecode.swift; path = Field.swift; sourceTree = "<group>"; };
		E306FAA625218D750012337D /* String+CountInstances.swift */ = {isa = PBXFileReference; lastKnownFileType = sourcecode.swift; path = "String+CountInstances.swift"; sourceTree = "<group>"; };
		E306FAAB25218DF60012337D /* UIView+FirstResponder.swift */ = {isa = PBXFileReference; lastKnownFileType = sourcecode.swift; path = "UIView+FirstResponder.swift"; sourceTree = "<group>"; };
		E3359E0725300CC80039F537 /* CreateFlashcard.storyboard */ = {isa = PBXFileReference; fileEncoding = 4; lastKnownFileType = file.storyboard; path = CreateFlashcard.storyboard; sourceTree = "<group>"; };
		E3359E3A25301A4D0039F537 /* LaunchScreen.storyboard */ = {isa = PBXFileReference; fileEncoding = 4; lastKnownFileType = file.storyboard; path = LaunchScreen.storyboard; sourceTree = "<group>"; };
		E33CA71C254B161D00A28175 /* FieldStackView.swift */ = {isa = PBXFileReference; lastKnownFileType = sourcecode.swift; path = FieldStackView.swift; sourceTree = "<group>"; };
		E33CA723254B1D8D00A28175 /* BorderedTextField.swift */ = {isa = PBXFileReference; lastKnownFileType = sourcecode.swift; path = BorderedTextField.swift; sourceTree = "<group>"; };
		E343E6B5254DF9D200765215 /* NoteView.swift */ = {isa = PBXFileReference; lastKnownFileType = sourcecode.swift; path = NoteView.swift; sourceTree = "<group>"; };
		E343E6D2254E2DAD00765215 /* String+CleanedOfNewLines.swift */ = {isa = PBXFileReference; lastKnownFileType = sourcecode.swift; path = "String+CleanedOfNewLines.swift"; sourceTree = "<group>"; };
		E357B35E251D2FB500354BCA /* FlashcardViewController.swift */ = {isa = PBXFileReference; fileEncoding = 4; lastKnownFileType = sourcecode.swift; name = FlashcardViewController.swift; path = "Flashcard Adder/FlashcardViewController.swift"; sourceTree = SOURCE_ROOT; };
		E357B35F251D2FB500354BCA /* ClozeViewController.swift */ = {isa = PBXFileReference; fileEncoding = 4; lastKnownFileType = sourcecode.swift; name = ClozeViewController.swift; path = "Flashcard Adder/Cloze/ClozeViewController.swift"; sourceTree = SOURCE_ROOT; };
		E357B36B251D305B00354BCA /* UIViewController+HideKeyboardWheNTappedAround.swift */ = {isa = PBXFileReference; lastKnownFileType = sourcecode.swift; path = "UIViewController+HideKeyboardWheNTappedAround.swift"; sourceTree = "<group>"; };
		E359181E25106E3D002F1A35 /* Flashcard Adder.app */ = {isa = PBXFileReference; explicitFileType = wrapper.application; includeInIndex = 0; path = "Flashcard Adder.app"; sourceTree = BUILT_PRODUCTS_DIR; };
		E359182125106E3D002F1A35 /* AppDelegate.swift */ = {isa = PBXFileReference; lastKnownFileType = sourcecode.swift; path = AppDelegate.swift; sourceTree = "<group>"; };
		E359182325106E3D002F1A35 /* SceneDelegate.swift */ = {isa = PBXFileReference; lastKnownFileType = sourcecode.swift; path = SceneDelegate.swift; sourceTree = "<group>"; };
		E359182825106E3D002F1A35 /* Base */ = {isa = PBXFileReference; lastKnownFileType = file.storyboard; name = Base; path = Base.lproj/Main.storyboard; sourceTree = "<group>"; };
		E359182C25106E3D002F1A35 /* Assets.xcassets */ = {isa = PBXFileReference; lastKnownFileType = folder.assetcatalog; path = Assets.xcassets; sourceTree = "<group>"; };
		E359183125106E3D002F1A35 /* Info.plist */ = {isa = PBXFileReference; lastKnownFileType = text.plist.xml; path = Info.plist; sourceTree = "<group>"; };
		E35CE633254F23B0001E4CEE /* StarButton.swift */ = {isa = PBXFileReference; lastKnownFileType = sourcecode.swift; path = StarButton.swift; sourceTree = "<group>"; };
		E369F9222515B71000A51A0D /* Note.swift */ = {isa = PBXFileReference; fileEncoding = 4; lastKnownFileType = sourcecode.swift; path = Note.swift; sourceTree = "<group>"; };
		E369F9242515B71000A51A0D /* Profile.swift */ = {isa = PBXFileReference; fileEncoding = 4; lastKnownFileType = sourcecode.swift; path = Profile.swift; sourceTree = "<group>"; };
		E369F9252515B71000A51A0D /* Deck.swift */ = {isa = PBXFileReference; fileEncoding = 4; lastKnownFileType = sourcecode.swift; path = Deck.swift; sourceTree = "<group>"; };
		E369F9262515B71000A51A0D /* FlashcardSettings.swift */ = {isa = PBXFileReference; fileEncoding = 4; lastKnownFileType = sourcecode.swift; path = FlashcardSettings.swift; sourceTree = "<group>"; };
		E369F9272515B71000A51A0D /* EditTextView.swift */ = {isa = PBXFileReference; fileEncoding = 4; lastKnownFileType = sourcecode.swift; path = EditTextView.swift; sourceTree = "<group>"; };
		E369F9282515B71100A51A0D /* BigButton.swift */ = {isa = PBXFileReference; fileEncoding = 4; lastKnownFileType = sourcecode.swift; path = BigButton.swift; sourceTree = "<group>"; };
		E369F9292515B71100A51A0D /* Flashcard.swift */ = {isa = PBXFileReference; fileEncoding = 4; lastKnownFileType = sourcecode.swift; path = Flashcard.swift; sourceTree = "<group>"; };
		E388BB1A254359F300B549CD /* Action Extension.entitlements */ = {isa = PBXFileReference; lastKnownFileType = text.plist.entitlements; path = "Action Extension.entitlements"; sourceTree = "<group>"; };
		E39647A82537F80900F803F4 /* Flashcard Adder.entitlements */ = {isa = PBXFileReference; lastKnownFileType = text.plist.entitlements; path = "Flashcard Adder.entitlements"; sourceTree = "<group>"; };
		E39647AF2537FC3700F803F4 /* Action Extension.appex */ = {isa = PBXFileReference; explicitFileType = "wrapper.app-extension"; includeInIndex = 0; path = "Action Extension.appex"; sourceTree = BUILT_PRODUCTS_DIR; };
		E39647B12537FC3700F803F4 /* Media.xcassets */ = {isa = PBXFileReference; lastKnownFileType = folder.assetcatalog; path = Media.xcassets; sourceTree = "<group>"; };
		E39647B82537FC3700F803F4 /* Info.plist */ = {isa = PBXFileReference; lastKnownFileType = text.plist.xml; path = Info.plist; sourceTree = "<group>"; };
		E39C880F2545EDB300B852BE /* Array+Moved.swift */ = {isa = PBXFileReference; lastKnownFileType = sourcecode.swift; path = "Array+Moved.swift"; sourceTree = "<group>"; };
		E39C881625461B9200B852BE /* Option.swift */ = {isa = PBXFileReference; lastKnownFileType = sourcecode.swift; path = Option.swift; sourceTree = "<group>"; };
		E39C882325475D6800B852BE /* OptionViewController.swift */ = {isa = PBXFileReference; lastKnownFileType = sourcecode.swift; path = OptionViewController.swift; sourceTree = "<group>"; };
		E39C882C2547B3EA00B852BE /* ProfileViewModel.swift */ = {isa = PBXFileReference; lastKnownFileType = sourcecode.swift; path = ProfileViewModel.swift; sourceTree = "<group>"; };
		E39C88372548AAF600B852BE /* AttributedDeck.swift */ = {isa = PBXFileReference; lastKnownFileType = sourcecode.swift; path = AttributedDeck.swift; sourceTree = "<group>"; };
		E39C883C2548AB0A00B852BE /* AttributedProfile.swift */ = {isa = PBXFileReference; lastKnownFileType = sourcecode.swift; path = AttributedProfile.swift; sourceTree = "<group>"; };
		E39C88442548AC3600B852BE /* AttributedOption.swift */ = {isa = PBXFileReference; lastKnownFileType = sourcecode.swift; path = AttributedOption.swift; sourceTree = "<group>"; };
		E39C884B2548AC4F00B852BE /* OptionViewModel.swift */ = {isa = PBXFileReference; lastKnownFileType = sourcecode.swift; path = OptionViewModel.swift; sourceTree = "<group>"; };
		E39C88502548AC7900B852BE /* OptionViewModelDelegate.swift */ = {isa = PBXFileReference; lastKnownFileType = sourcecode.swift; path = OptionViewModelDelegate.swift; sourceTree = "<group>"; };
		E39C88582548B34300B852BE /* NoteViewModel.swift */ = {isa = PBXFileReference; lastKnownFileType = sourcecode.swift; path = NoteViewModel.swift; sourceTree = "<group>"; };
		E39C885D2548B37500B852BE /* AttributedNote.swift */ = {isa = PBXFileReference; lastKnownFileType = sourcecode.swift; path = AttributedNote.swift; sourceTree = "<group>"; };
		E39C88622548C76400B852BE /* Section.swift */ = {isa = PBXFileReference; lastKnownFileType = sourcecode.swift; path = Section.swift; sourceTree = "<group>"; };
		E3ABE99C2544CA0B00148D6F /* HeaderSupplementaryView.swift */ = {isa = PBXFileReference; lastKnownFileType = sourcecode.swift; path = HeaderSupplementaryView.swift; sourceTree = "<group>"; };
		E3B7B56D253912D800E38EC4 /* Logger.swift */ = {isa = PBXFileReference; lastKnownFileType = sourcecode.swift; path = Logger.swift; sourceTree = "<group>"; };
		E3D0110F2537B9D7006FB811 /* String+MatchingStrings.swift */ = {isa = PBXFileReference; lastKnownFileType = sourcecode.swift; path = "String+MatchingStrings.swift"; sourceTree = "<group>"; };
		E3D011162537C4A8006FB811 /* Cloze.swift */ = {isa = PBXFileReference; lastKnownFileType = sourcecode.swift; path = Cloze.swift; sourceTree = "<group>"; };
		E3F376F32548FDCF00A05F40 /* NoteViewController.swift */ = {isa = PBXFileReference; lastKnownFileType = sourcecode.swift; path = NoteViewController.swift; sourceTree = "<group>"; };
		E3F8D999253BF1A1003E7CC7 /* OptionViewControllerDelegate.swift */ = {isa = PBXFileReference; lastKnownFileType = sourcecode.swift; path = OptionViewControllerDelegate.swift; sourceTree = "<group>"; };
		E3F8D9A0253BF209003E7CC7 /* DeckViewModel.swift */ = {isa = PBXFileReference; lastKnownFileType = sourcecode.swift; path = DeckViewModel.swift; sourceTree = "<group>"; };
		E3F8D9AA253BF7AD003E7CC7 /* UIViewController+showInputDialog.swift */ = {isa = PBXFileReference; lastKnownFileType = sourcecode.swift; path = "UIViewController+showInputDialog.swift"; sourceTree = "<group>"; };
		E3F8D9AF253C0074003E7CC7 /* UIColor+DarkerLighterExtensions.swift */ = {isa = PBXFileReference; lastKnownFileType = sourcecode.swift; path = "UIColor+DarkerLighterExtensions.swift"; sourceTree = "<group>"; };
		E3F8D9CB253F6571003E7CC7 /* ClozeViewModel.swift */ = {isa = PBXFileReference; lastKnownFileType = sourcecode.swift; path = ClozeViewModel.swift; sourceTree = "<group>"; };
/* End PBXFileReference section */

/* Begin PBXFrameworksBuildPhase section */
		E359181B25106E3D002F1A35 /* Frameworks */ = {
			isa = PBXFrameworksBuildPhase;
			buildActionMask = 2147483647;
			files = (
			);
			runOnlyForDeploymentPostprocessing = 0;
		};
		E39647AC2537FC3700F803F4 /* Frameworks */ = {
			isa = PBXFrameworksBuildPhase;
			buildActionMask = 2147483647;
			files = (
			);
			runOnlyForDeploymentPostprocessing = 0;
		};
/* End PBXFrameworksBuildPhase section */

/* Begin PBXGroup section */
		E30172872515ACBB0031A354 /* Frameworks */ = {
			isa = PBXGroup;
			children = (
			);
			name = Frameworks;
			sourceTree = "<group>";
		};
		E3359E3125300E090039F537 /* Extensions */ = {
			isa = PBXGroup;
			children = (
				E306FAAB25218DF60012337D /* UIView+FirstResponder.swift */,
				E306FAA625218D750012337D /* String+CountInstances.swift */,
				E343E6D2254E2DAD00765215 /* String+CleanedOfNewLines.swift */,
				E3D0110F2537B9D7006FB811 /* String+MatchingStrings.swift */,
				E357B36B251D305B00354BCA /* UIViewController+HideKeyboardWheNTappedAround.swift */,
				E3F8D9AA253BF7AD003E7CC7 /* UIViewController+showInputDialog.swift */,
				E3F8D9AF253C0074003E7CC7 /* UIColor+DarkerLighterExtensions.swift */,
				E39C880F2545EDB300B852BE /* Array+Moved.swift */,
			);
			path = Extensions;
			sourceTree = "<group>";
		};
		E359181525106E3D002F1A35 = {
			isa = PBXGroup;
			children = (
				E301AEE625217DA7006A9742 /* FlashcardAdder.playground */,
				E359182025106E3D002F1A35 /* Flashcard Adder */,
				E39647B02537FC3700F803F4 /* Action Extension */,
				E359181F25106E3D002F1A35 /* Products */,
				E30172872515ACBB0031A354 /* Frameworks */,
			);
			sourceTree = "<group>";
		};
		E359181F25106E3D002F1A35 /* Products */ = {
			isa = PBXGroup;
			children = (
				E359181E25106E3D002F1A35 /* Flashcard Adder.app */,
				E39647AF2537FC3700F803F4 /* Action Extension.appex */,
			);
			name = Products;
			sourceTree = "<group>";
		};
		E359182025106E3D002F1A35 /* Flashcard Adder */ = {
			isa = PBXGroup;
			children = (
				E39C88432548AB8300B852BE /* Options */,
				E3F8D9D0253F6579003E7CC7 /* Cloze */,
				E369F93D2515B95C00A51A0D /* Model */,
				E369F93C2515B94F00A51A0D /* Custom Views */,
				E3359E3125300E090039F537 /* Extensions */,
				E357B35E251D2FB500354BCA /* FlashcardViewController.swift */,
				E369F9262515B71000A51A0D /* FlashcardSettings.swift */,
				E3B7B56D253912D800E38EC4 /* Logger.swift */,
				E359182125106E3D002F1A35 /* AppDelegate.swift */,
				E359182325106E3D002F1A35 /* SceneDelegate.swift */,
				E359182725106E3D002F1A35 /* Main.storyboard */,
				E3359E0725300CC80039F537 /* CreateFlashcard.storyboard */,
				E3359E3A25301A4D0039F537 /* LaunchScreen.storyboard */,
				E39647A82537F80900F803F4 /* Flashcard Adder.entitlements */,
				E359182C25106E3D002F1A35 /* Assets.xcassets */,
				E359183125106E3D002F1A35 /* Info.plist */,
			);
			path = "Flashcard Adder";
			sourceTree = "<group>";
		};
		E369F93C2515B94F00A51A0D /* Custom Views */ = {
			isa = PBXGroup;
			children = (
				E369F9272515B71000A51A0D /* EditTextView.swift */,
				E369F9282515B71100A51A0D /* BigButton.swift */,
				E3ABE99C2544CA0B00148D6F /* HeaderSupplementaryView.swift */,
				E33CA71C254B161D00A28175 /* FieldStackView.swift */,
				E35CE633254F23B0001E4CEE /* StarButton.swift */,
				E33CA723254B1D8D00A28175 /* BorderedTextField.swift */,
				E343E6B5254DF9D200765215 /* NoteView.swift */,
			);
			path = "Custom Views";
			sourceTree = "<group>";
		};
		E369F93D2515B95C00A51A0D /* Model */ = {
			isa = PBXGroup;
			children = (
				E369F9252515B71000A51A0D /* Deck.swift */,
				E369F9292515B71100A51A0D /* Flashcard.swift */,
				E301AEEF25217EE1006A9742 /* Field.swift */,
				E3D011162537C4A8006FB811 /* Cloze.swift */,
				E369F9222515B71000A51A0D /* Note.swift */,
				E369F9242515B71000A51A0D /* Profile.swift */,
			);
			path = Model;
			sourceTree = "<group>";
		};
		E39647B02537FC3700F803F4 /* Action Extension */ = {
			isa = PBXGroup;
			children = (
				E388BB1A254359F300B549CD /* Action Extension.entitlements */,
				E39647B12537FC3700F803F4 /* Media.xcassets */,
				E39647B82537FC3700F803F4 /* Info.plist */,
			);
			path = "Action Extension";
			sourceTree = "<group>";
		};
		E39C882225475D4A00B852BE /* Profile */ = {
			isa = PBXGroup;
			children = (
				E39C882C2547B3EA00B852BE /* ProfileViewModel.swift */,
				E39C883C2548AB0A00B852BE /* AttributedProfile.swift */,
			);
			path = Profile;
			sourceTree = "<group>";
		};
		E39C88432548AB8300B852BE /* Options */ = {
			isa = PBXGroup;
			children = (
				E39C881625461B9200B852BE /* Option.swift */,
				E39C88442548AC3600B852BE /* AttributedOption.swift */,
				E39C882325475D6800B852BE /* OptionViewController.swift */,
				E3F8D999253BF1A1003E7CC7 /* OptionViewControllerDelegate.swift */,
				E39C88502548AC7900B852BE /* OptionViewModelDelegate.swift */,
				E39C88572548B33400B852BE /* Note */,
				E39C882225475D4A00B852BE /* Profile */,
				E3F8D998253BF162003E7CC7 /* Deck */,
				E39C884B2548AC4F00B852BE /* OptionViewModel.swift */,
				E39C88622548C76400B852BE /* Section.swift */,
			);
			path = Options;
			sourceTree = "<group>";
		};
		E39C88572548B33400B852BE /* Note */ = {
			isa = PBXGroup;
			children = (
				E39C88582548B34300B852BE /* NoteViewModel.swift */,
				E39C885D2548B37500B852BE /* AttributedNote.swift */,
				E3F376F32548FDCF00A05F40 /* NoteViewController.swift */,
			);
			path = Note;
			sourceTree = "<group>";
		};
		E3F8D998253BF162003E7CC7 /* Deck */ = {
			isa = PBXGroup;
			children = (
				E3F8D9A0253BF209003E7CC7 /* DeckViewModel.swift */,
				E39C88372548AAF600B852BE /* AttributedDeck.swift */,
			);
			path = Deck;
			sourceTree = "<group>";
		};
		E3F8D9D0253F6579003E7CC7 /* Cloze */ = {
			isa = PBXGroup;
			children = (
				E357B35F251D2FB500354BCA /* ClozeViewController.swift */,
				E3F8D9CB253F6571003E7CC7 /* ClozeViewModel.swift */,
			);
			path = Cloze;
			sourceTree = "<group>";
		};
/* End PBXGroup section */

/* Begin PBXNativeTarget section */
		E359181D25106E3D002F1A35 /* Flashcard Adder */ = {
			isa = PBXNativeTarget;
			buildConfigurationList = E359183425106E3D002F1A35 /* Build configuration list for PBXNativeTarget "Flashcard Adder" */;
			buildPhases = (
				E359181A25106E3D002F1A35 /* Sources */,
				E359181B25106E3D002F1A35 /* Frameworks */,
				E359181C25106E3D002F1A35 /* Resources */,
				E359184925106F18002F1A35 /* Embed App Extensions */,
			);
			buildRules = (
			);
			dependencies = (
				E39647BA2537FC3700F803F4 /* PBXTargetDependency */,
			);
			name = "Flashcard Adder";
			packageProductDependencies = (
			);
			productName = "Flashcard Adder";
			productReference = E359181E25106E3D002F1A35 /* Flashcard Adder.app */;
			productType = "com.apple.product-type.application";
		};
		E39647AE2537FC3700F803F4 /* Action Extension */ = {
			isa = PBXNativeTarget;
			buildConfigurationList = E39647BC2537FC3700F803F4 /* Build configuration list for PBXNativeTarget "Action Extension" */;
			buildPhases = (
				E39647AB2537FC3700F803F4 /* Sources */,
				E39647AC2537FC3700F803F4 /* Frameworks */,
				E39647AD2537FC3700F803F4 /* Resources */,
			);
			buildRules = (
			);
			dependencies = (
			);
			name = "Action Extension";
			productName = "Action Extension";
			productReference = E39647AF2537FC3700F803F4 /* Action Extension.appex */;
			productType = "com.apple.product-type.app-extension";
		};
/* End PBXNativeTarget section */

/* Begin PBXProject section */
		E359181625106E3D002F1A35 /* Project object */ = {
			isa = PBXProject;
			attributes = {
				LastSwiftUpdateCheck = 1200;
				LastUpgradeCheck = 1200;
				TargetAttributes = {
					E359181D25106E3D002F1A35 = {
						CreatedOnToolsVersion = 12.0;
					};
					E39647AE2537FC3700F803F4 = {
						CreatedOnToolsVersion = 12.0.1;
					};
				};
			};
			buildConfigurationList = E359181925106E3D002F1A35 /* Build configuration list for PBXProject "Flashcard Adder" */;
			compatibilityVersion = "Xcode 9.3";
			developmentRegion = en;
			hasScannedForEncodings = 0;
			knownRegions = (
				en,
				Base,
			);
			mainGroup = E359181525106E3D002F1A35;
			productRefGroup = E359181F25106E3D002F1A35 /* Products */;
			projectDirPath = "";
			projectRoot = "";
			targets = (
				E359181D25106E3D002F1A35 /* Flashcard Adder */,
				E39647AE2537FC3700F803F4 /* Action Extension */,
			);
		};
/* End PBXProject section */

/* Begin PBXResourcesBuildPhase section */
		E359181C25106E3D002F1A35 /* Resources */ = {
			isa = PBXResourcesBuildPhase;
			buildActionMask = 2147483647;
			files = (
				E3359E0825300CC80039F537 /* CreateFlashcard.storyboard in Resources */,
				E3359E3B25301A4D0039F537 /* LaunchScreen.storyboard in Resources */,
				E359182D25106E3D002F1A35 /* Assets.xcassets in Resources */,
				E359182925106E3D002F1A35 /* Main.storyboard in Resources */,
			);
			runOnlyForDeploymentPostprocessing = 0;
		};
		E39647AD2537FC3700F803F4 /* Resources */ = {
			isa = PBXResourcesBuildPhase;
			buildActionMask = 2147483647;
			files = (
				E39647B22537FC3700F803F4 /* Media.xcassets in Resources */,
				E39647CA2537FC6B00F803F4 /* CreateFlashcard.storyboard in Resources */,
				E39647C62537FC6400F803F4 /* Assets.xcassets in Resources */,
			);
			runOnlyForDeploymentPostprocessing = 0;
		};
/* End PBXResourcesBuildPhase section */

/* Begin PBXSourcesBuildPhase section */
		E359181A25106E3D002F1A35 /* Sources */ = {
			isa = PBXSourcesBuildPhase;
			buildActionMask = 2147483647;
			files = (
				E343E6B6254DF9D200765215 /* NoteView.swift in Sources */,
				E3F376F42548FDCF00A05F40 /* NoteViewController.swift in Sources */,
				E39C88512548AC7900B852BE /* OptionViewModelDelegate.swift in Sources */,
				E39C88452548AC3600B852BE /* AttributedOption.swift in Sources */,
				E357B365251D2FB500354BCA /* ClozeViewController.swift in Sources */,
				E357B36C251D305B00354BCA /* UIViewController+HideKeyboardWheNTappedAround.swift in Sources */,
				E3F8D9B0253C0074003E7CC7 /* UIColor+DarkerLighterExtensions.swift in Sources */,
				E39C885E2548B37500B852BE /* AttributedNote.swift in Sources */,
				E3D011102537B9D7006FB811 /* String+MatchingStrings.swift in Sources */,
				E369F9342515B71100A51A0D /* EditTextView.swift in Sources */,
				E39C88592548B34300B852BE /* NoteViewModel.swift in Sources */,
				E39C882D2547B3EA00B852BE /* ProfileViewModel.swift in Sources */,
				E306FAAC25218DF60012337D /* UIView+FirstResponder.swift in Sources */,
				E3D011182537C4A8006FB811 /* Cloze.swift in Sources */,
				E3F8D9CC253F6571003E7CC7 /* ClozeViewModel.swift in Sources */,
				E3F8D9A1253BF209003E7CC7 /* DeckViewModel.swift in Sources */,
				E39C88102545EDB300B852BE /* Array+Moved.swift in Sources */,
				E343E6D3254E2DAD00765215 /* String+CleanedOfNewLines.swift in Sources */,
				E3B7B56E253912D800E38EC4 /* Logger.swift in Sources */,
				E357B364251D2FB500354BCA /* FlashcardViewController.swift in Sources */,
				E369F92A2515B71100A51A0D /* Note.swift in Sources */,
				E3F8D9AB253BF7AD003E7CC7 /* UIViewController+showInputDialog.swift in Sources */,
				E369F9382515B71100A51A0D /* Flashcard.swift in Sources */,
				E369F9322515B71100A51A0D /* FlashcardSettings.swift in Sources */,
				E301AEF025217EE1006A9742 /* Field.swift in Sources */,
				E39C884C2548AC4F00B852BE /* OptionViewModel.swift in Sources */,
				E369F9362515B71100A51A0D /* BigButton.swift in Sources */,
				E35CE634254F23B0001E4CEE /* StarButton.swift in Sources */,
				E3ABE99D2544CA0B00148D6F /* HeaderSupplementaryView.swift in Sources */,
				E39C883D2548AB0A00B852BE /* AttributedProfile.swift in Sources */,
				E33CA724254B1D8D00A28175 /* BorderedTextField.swift in Sources */,
				E39C881725461B9200B852BE /* Option.swift in Sources */,
				E359182225106E3D002F1A35 /* AppDelegate.swift in Sources */,
				E39C88382548AAF600B852BE /* AttributedDeck.swift in Sources */,
				E33CA71D254B161E00A28175 /* FieldStackView.swift in Sources */,
				E3F8D99A253BF1A1003E7CC7 /* OptionViewControllerDelegate.swift in Sources */,
				E369F92E2515B71100A51A0D /* Profile.swift in Sources */,
				E359182425106E3D002F1A35 /* SceneDelegate.swift in Sources */,
				E306FAA725218D750012337D /* String+CountInstances.swift in Sources */,
				E39C882425475D6800B852BE /* OptionViewController.swift in Sources */,
				E39C88632548C76400B852BE /* Section.swift in Sources */,
				E369F9302515B71100A51A0D /* Deck.swift in Sources */,
			);
			runOnlyForDeploymentPostprocessing = 0;
		};
		E39647AB2537FC3700F803F4 /* Sources */ = {
			isa = PBXSourcesBuildPhase;
			buildActionMask = 2147483647;
			files = (
				E39C881A2546350400B852BE /* Option.swift in Sources */,
				E39647C22537FC5A00F803F4 /* UIViewController+HideKeyboardWheNTappedAround.swift in Sources */,
				E39C885A2548B34300B852BE /* NoteViewModel.swift in Sources */,
				E33CA71E254B161E00A28175 /* FieldStackView.swift in Sources */,
				E39647D52537FC8C00F803F4 /* FlashcardSettings.swift in Sources */,
				E39647E22537FC9E00F803F4 /* String+MatchingStrings.swift in Sources */,
				E3F8D99B253BF1A1003E7CC7 /* OptionViewControllerDelegate.swift in Sources */,
				E39C882525475D6800B852BE /* OptionViewController.swift in Sources */,
				E39C88392548AAF600B852BE /* AttributedDeck.swift in Sources */,
				E3F8D9B1253C0074003E7CC7 /* UIColor+DarkerLighterExtensions.swift in Sources */,
				E39647DD2537FC9900F803F4 /* Flashcard.swift in Sources */,
				E39647DA2537FC9900F803F4 /* Deck.swift in Sources */,
				E39648022537FEEF00F803F4 /* BigButton.swift in Sources */,
				E39647E42537FC9E00F803F4 /* String+CountInstances.swift in Sources */,
				E3F8D9A2253BF209003E7CC7 /* DeckViewModel.swift in Sources */,
				E3F376F72548FDD200A05F40 /* NoteViewController.swift in Sources */,
				E39647E32537FC9E00F803F4 /* UIView+FirstResponder.swift in Sources */,
				E3B7B56F253912D800E38EC4 /* Logger.swift in Sources */,
				E39647DC2537FC9900F803F4 /* Profile.swift in Sources */,
				E39647DE2537FC9900F803F4 /* Field.swift in Sources */,
				E39C88462548AC3600B852BE /* AttributedOption.swift in Sources */,
				E39647E82537FCB100F803F4 /* ClozeViewController.swift in Sources */,
				E39C884D2548AC4F00B852BE /* OptionViewModel.swift in Sources */,
				E39C88132546180300B852BE /* Array+Moved.swift in Sources */,
				E343E6B9254E033500765215 /* NoteView.swift in Sources */,
				E35CE635254F23B0001E4CEE /* StarButton.swift in Sources */,
				E39C88522548AC7900B852BE /* OptionViewModelDelegate.swift in Sources */,
				E39C883E2548AB0A00B852BE /* AttributedProfile.swift in Sources */,
				E33CA725254B1D8D00A28175 /* BorderedTextField.swift in Sources */,
				E3F8D9AC253BF7AD003E7CC7 /* UIViewController+showInputDialog.swift in Sources */,
				E3F8D9CD253F6571003E7CC7 /* ClozeViewModel.swift in Sources */,
				E343E6D4254E2DAD00765215 /* String+CleanedOfNewLines.swift in Sources */,
				E39647D92537FC9900F803F4 /* Cloze.swift in Sources */,
				E39647FE2537FEAF00F803F4 /* EditTextView.swift in Sources */,
				E39647DB2537FC9900F803F4 /* Note.swift in Sources */,
				E39C882E2547B3EA00B852BE /* ProfileViewModel.swift in Sources */,
				E39647EE2537FCC300F803F4 /* FlashcardViewController.swift in Sources */,
				E39C885F2548B37500B852BE /* AttributedNote.swift in Sources */,
				E39C88642548C76400B852BE /* Section.swift in Sources */,
				E39C88082544D07700B852BE /* HeaderSupplementaryView.swift in Sources */,
			);
			runOnlyForDeploymentPostprocessing = 0;
		};
/* End PBXSourcesBuildPhase section */

/* Begin PBXTargetDependency section */
		E39647BA2537FC3700F803F4 /* PBXTargetDependency */ = {
			isa = PBXTargetDependency;
			target = E39647AE2537FC3700F803F4 /* Action Extension */;
			targetProxy = E39647B92537FC3700F803F4 /* PBXContainerItemProxy */;
		};
/* End PBXTargetDependency section */

/* Begin PBXVariantGroup section */
		E359182725106E3D002F1A35 /* Main.storyboard */ = {
			isa = PBXVariantGroup;
			children = (
				E359182825106E3D002F1A35 /* Base */,
			);
			name = Main.storyboard;
			sourceTree = "<group>";
		};
/* End PBXVariantGroup section */

/* Begin XCBuildConfiguration section */
		E359183225106E3D002F1A35 /* Debug */ = {
			isa = XCBuildConfiguration;
			buildSettings = {
				ALWAYS_SEARCH_USER_PATHS = NO;
				CLANG_ANALYZER_NONNULL = YES;
				CLANG_ANALYZER_NUMBER_OBJECT_CONVERSION = YES_AGGRESSIVE;
				CLANG_CXX_LANGUAGE_STANDARD = "gnu++14";
				CLANG_CXX_LIBRARY = "libc++";
				CLANG_ENABLE_MODULES = YES;
				CLANG_ENABLE_OBJC_ARC = YES;
				CLANG_ENABLE_OBJC_WEAK = YES;
				CLANG_WARN_BLOCK_CAPTURE_AUTORELEASING = YES;
				CLANG_WARN_BOOL_CONVERSION = YES;
				CLANG_WARN_COMMA = YES;
				CLANG_WARN_CONSTANT_CONVERSION = YES;
				CLANG_WARN_DEPRECATED_OBJC_IMPLEMENTATIONS = YES;
				CLANG_WARN_DIRECT_OBJC_ISA_USAGE = YES_ERROR;
				CLANG_WARN_DOCUMENTATION_COMMENTS = YES;
				CLANG_WARN_EMPTY_BODY = YES;
				CLANG_WARN_ENUM_CONVERSION = YES;
				CLANG_WARN_INFINITE_RECURSION = YES;
				CLANG_WARN_INT_CONVERSION = YES;
				CLANG_WARN_NON_LITERAL_NULL_CONVERSION = YES;
				CLANG_WARN_OBJC_IMPLICIT_RETAIN_SELF = YES;
				CLANG_WARN_OBJC_LITERAL_CONVERSION = YES;
				CLANG_WARN_OBJC_ROOT_CLASS = YES_ERROR;
				CLANG_WARN_QUOTED_INCLUDE_IN_FRAMEWORK_HEADER = YES;
				CLANG_WARN_RANGE_LOOP_ANALYSIS = YES;
				CLANG_WARN_STRICT_PROTOTYPES = YES;
				CLANG_WARN_SUSPICIOUS_MOVE = YES;
				CLANG_WARN_UNGUARDED_AVAILABILITY = YES_AGGRESSIVE;
				CLANG_WARN_UNREACHABLE_CODE = YES;
				CLANG_WARN__DUPLICATE_METHOD_MATCH = YES;
				COPY_PHASE_STRIP = NO;
				DEBUG_INFORMATION_FORMAT = dwarf;
				ENABLE_STRICT_OBJC_MSGSEND = YES;
				ENABLE_TESTABILITY = YES;
				GCC_C_LANGUAGE_STANDARD = gnu11;
				GCC_DYNAMIC_NO_PIC = NO;
				GCC_NO_COMMON_BLOCKS = YES;
				GCC_OPTIMIZATION_LEVEL = 0;
				GCC_PREPROCESSOR_DEFINITIONS = (
					"DEBUG=1",
					"$(inherited)",
				);
				GCC_WARN_64_TO_32_BIT_CONVERSION = YES;
				GCC_WARN_ABOUT_RETURN_TYPE = YES_ERROR;
				GCC_WARN_UNDECLARED_SELECTOR = YES;
				GCC_WARN_UNINITIALIZED_AUTOS = YES_AGGRESSIVE;
				GCC_WARN_UNUSED_FUNCTION = YES;
				GCC_WARN_UNUSED_VARIABLE = YES;
				IPHONEOS_DEPLOYMENT_TARGET = 14.0;
				MTL_ENABLE_DEBUG_INFO = INCLUDE_SOURCE;
				MTL_FAST_MATH = YES;
				ONLY_ACTIVE_ARCH = YES;
				SDKROOT = iphoneos;
				SWIFT_ACTIVE_COMPILATION_CONDITIONS = DEBUG;
				SWIFT_OPTIMIZATION_LEVEL = "-Onone";
			};
			name = Debug;
		};
		E359183325106E3D002F1A35 /* Release */ = {
			isa = XCBuildConfiguration;
			buildSettings = {
				ALWAYS_SEARCH_USER_PATHS = NO;
				CLANG_ANALYZER_NONNULL = YES;
				CLANG_ANALYZER_NUMBER_OBJECT_CONVERSION = YES_AGGRESSIVE;
				CLANG_CXX_LANGUAGE_STANDARD = "gnu++14";
				CLANG_CXX_LIBRARY = "libc++";
				CLANG_ENABLE_MODULES = YES;
				CLANG_ENABLE_OBJC_ARC = YES;
				CLANG_ENABLE_OBJC_WEAK = YES;
				CLANG_WARN_BLOCK_CAPTURE_AUTORELEASING = YES;
				CLANG_WARN_BOOL_CONVERSION = YES;
				CLANG_WARN_COMMA = YES;
				CLANG_WARN_CONSTANT_CONVERSION = YES;
				CLANG_WARN_DEPRECATED_OBJC_IMPLEMENTATIONS = YES;
				CLANG_WARN_DIRECT_OBJC_ISA_USAGE = YES_ERROR;
				CLANG_WARN_DOCUMENTATION_COMMENTS = YES;
				CLANG_WARN_EMPTY_BODY = YES;
				CLANG_WARN_ENUM_CONVERSION = YES;
				CLANG_WARN_INFINITE_RECURSION = YES;
				CLANG_WARN_INT_CONVERSION = YES;
				CLANG_WARN_NON_LITERAL_NULL_CONVERSION = YES;
				CLANG_WARN_OBJC_IMPLICIT_RETAIN_SELF = YES;
				CLANG_WARN_OBJC_LITERAL_CONVERSION = YES;
				CLANG_WARN_OBJC_ROOT_CLASS = YES_ERROR;
				CLANG_WARN_QUOTED_INCLUDE_IN_FRAMEWORK_HEADER = YES;
				CLANG_WARN_RANGE_LOOP_ANALYSIS = YES;
				CLANG_WARN_STRICT_PROTOTYPES = YES;
				CLANG_WARN_SUSPICIOUS_MOVE = YES;
				CLANG_WARN_UNGUARDED_AVAILABILITY = YES_AGGRESSIVE;
				CLANG_WARN_UNREACHABLE_CODE = YES;
				CLANG_WARN__DUPLICATE_METHOD_MATCH = YES;
				COPY_PHASE_STRIP = NO;
				DEBUG_INFORMATION_FORMAT = "dwarf-with-dsym";
				ENABLE_NS_ASSERTIONS = NO;
				ENABLE_STRICT_OBJC_MSGSEND = YES;
				GCC_C_LANGUAGE_STANDARD = gnu11;
				GCC_NO_COMMON_BLOCKS = YES;
				GCC_WARN_64_TO_32_BIT_CONVERSION = YES;
				GCC_WARN_ABOUT_RETURN_TYPE = YES_ERROR;
				GCC_WARN_UNDECLARED_SELECTOR = YES;
				GCC_WARN_UNINITIALIZED_AUTOS = YES_AGGRESSIVE;
				GCC_WARN_UNUSED_FUNCTION = YES;
				GCC_WARN_UNUSED_VARIABLE = YES;
				IPHONEOS_DEPLOYMENT_TARGET = 14.0;
				MTL_ENABLE_DEBUG_INFO = NO;
				MTL_FAST_MATH = YES;
				SDKROOT = iphoneos;
				SWIFT_COMPILATION_MODE = wholemodule;
				SWIFT_OPTIMIZATION_LEVEL = "-O";
				VALIDATE_PRODUCT = YES;
			};
			name = Release;
		};
		E359183525106E3D002F1A35 /* Debug */ = {
			isa = XCBuildConfiguration;
			buildSettings = {
				ALWAYS_EMBED_SWIFT_STANDARD_LIBRARIES = YES;
				ASSETCATALOG_COMPILER_APPICON_NAME = FlashcardAdder;
				ASSETCATALOG_COMPILER_GLOBAL_ACCENT_COLOR_NAME = AccentColor;
				CODE_SIGN_ENTITLEMENTS = "Flashcard Adder/Flashcard Adder.entitlements";
				CODE_SIGN_STYLE = Automatic;
				DEVELOPMENT_TEAM = SM7F898GQH;
				INFOPLIST_FILE = "Flashcard Adder/Info.plist";
				LD_RUNPATH_SEARCH_PATHS = (
					"$(inherited)",
					"@executable_path/Frameworks",
				);
				OTHER_SWIFT_FLAGS = "-D Main";
				PRODUCT_BUNDLE_IDENTIFIER = "com.technaplex.Flashcard-Adder";
				PRODUCT_NAME = "$(TARGET_NAME)";
				SWIFT_VERSION = 5.0;
				TARGETED_DEVICE_FAMILY = "1,2";
			};
			name = Debug;
		};
		E359183625106E3D002F1A35 /* Release */ = {
			isa = XCBuildConfiguration;
			buildSettings = {
				ALWAYS_EMBED_SWIFT_STANDARD_LIBRARIES = YES;
				ASSETCATALOG_COMPILER_APPICON_NAME = FlashcardAdder;
				ASSETCATALOG_COMPILER_GLOBAL_ACCENT_COLOR_NAME = AccentColor;
				CODE_SIGN_ENTITLEMENTS = "Flashcard Adder/Flashcard Adder.entitlements";
				CODE_SIGN_STYLE = Automatic;
				DEVELOPMENT_TEAM = SM7F898GQH;
				INFOPLIST_FILE = "Flashcard Adder/Info.plist";
				LD_RUNPATH_SEARCH_PATHS = (
					"$(inherited)",
					"@executable_path/Frameworks",
				);
				OTHER_SWIFT_FLAGS = "-D Main";
				PRODUCT_BUNDLE_IDENTIFIER = "com.technaplex.Flashcard-Adder";
				PRODUCT_NAME = "$(TARGET_NAME)";
				SWIFT_VERSION = 5.0;
				TARGETED_DEVICE_FAMILY = "1,2";
			};
			name = Release;
		};
		E39647BD2537FC3700F803F4 /* Debug */ = {
			isa = XCBuildConfiguration;
			buildSettings = {
				ASSETCATALOG_COMPILER_APPICON_NAME = Monochrome;
				CODE_SIGN_ENTITLEMENTS = "Action Extension/Action Extension.entitlements";
				CODE_SIGN_STYLE = Automatic;
				DEVELOPMENT_TEAM = SM7F898GQH;
				INFOPLIST_FILE = "Action Extension/Info.plist";
				LD_RUNPATH_SEARCH_PATHS = (
					"$(inherited)",
					"@executable_path/Frameworks",
					"@executable_path/../../Frameworks",
				);
				OTHER_SWIFT_FLAGS = "-D Action";
				PRODUCT_BUNDLE_IDENTIFIER = "com.technaplex.Flashcard-Adder.Action-Extension";
				PRODUCT_NAME = "$(TARGET_NAME)";
				SKIP_INSTALL = YES;
				SWIFT_VERSION = 5.0;
				TARGETED_DEVICE_FAMILY = "1,2";
			};
			name = Debug;
		};
		E39647BE2537FC3700F803F4 /* Release */ = {
			isa = XCBuildConfiguration;
			buildSettings = {
				ASSETCATALOG_COMPILER_APPICON_NAME = Monochrome;
				CODE_SIGN_ENTITLEMENTS = "Action Extension/Action Extension.entitlements";
				CODE_SIGN_STYLE = Automatic;
				DEVELOPMENT_TEAM = SM7F898GQH;
				INFOPLIST_FILE = "Action Extension/Info.plist";
				LD_RUNPATH_SEARCH_PATHS = (
					"$(inherited)",
					"@executable_path/Frameworks",
					"@executable_path/../../Frameworks",
				);
				OTHER_SWIFT_FLAGS = "-D Action";
				PRODUCT_BUNDLE_IDENTIFIER = "com.technaplex.Flashcard-Adder.Action-Extension";
				PRODUCT_NAME = "$(TARGET_NAME)";
				SKIP_INSTALL = YES;
				SWIFT_VERSION = 5.0;
				TARGETED_DEVICE_FAMILY = "1,2";
			};
			name = Release;
		};
/* End XCBuildConfiguration section */

/* Begin XCConfigurationList section */
		E359181925106E3D002F1A35 /* Build configuration list for PBXProject "Flashcard Adder" */ = {
			isa = XCConfigurationList;
			buildConfigurations = (
				E359183225106E3D002F1A35 /* Debug */,
				E359183325106E3D002F1A35 /* Release */,
			);
			defaultConfigurationIsVisible = 0;
			defaultConfigurationName = Release;
		};
		E359183425106E3D002F1A35 /* Build configuration list for PBXNativeTarget "Flashcard Adder" */ = {
			isa = XCConfigurationList;
			buildConfigurations = (
				E359183525106E3D002F1A35 /* Debug */,
				E359183625106E3D002F1A35 /* Release */,
			);
			defaultConfigurationIsVisible = 0;
			defaultConfigurationName = Release;
		};
		E39647BC2537FC3700F803F4 /* Build configuration list for PBXNativeTarget "Action Extension" */ = {
			isa = XCConfigurationList;
			buildConfigurations = (
				E39647BD2537FC3700F803F4 /* Debug */,
				E39647BE2537FC3700F803F4 /* Release */,
			);
			defaultConfigurationIsVisible = 0;
			defaultConfigurationName = Release;
		};
/* End XCConfigurationList section */
	};
	rootObject = E359181625106E3D002F1A35 /* Project object */;
}
